{
  "nodes": {
    "home-manager": {
      "inputs": {
        "nixpkgs": [
          "nixpkgs"
        ]
      },
      "locked": {
        "lastModified": 1732471618,
        "narHash": "sha256-CQj7ZF7fdf8Be5s6m1PAhSjgrGkYIr+xcKZmSvSD4CI=",
        "owner": "nix-community",
        "repo": "home-manager",
        "rev": "98bf8de65dc1ed12c6443b18f6f24d36e9c438d6",
        "type": "github"
      },
      "original": {
        "owner": "nix-community",
        "repo": "home-manager",
        "type": "github"
      }
    },
    "nix-flatpak": {
      "locked": {
        "lastModified": 1732304879,
        "narHash": "sha256-/DOW8VadE//HA6tuV2++NowYWi7Wa/FmJHXRJoTQnfQ=",
        "owner": "gmodena",
        "repo": "nix-flatpak",
        "rev": "c84579946c03c996916be0fb6e1340f444c277af",
        "type": "github"
      },
      "original": {
        "owner": "gmodena",
        "repo": "nix-flatpak",
        "type": "github"
      }
    },
    "nixpkgs": {
      "locked": {
        "lastModified": 1732014248,
        "narHash": "sha256-y/MEyuJ5oBWrWAic/14LaIr/u5E0wRVzyYsouYY3W6w=",
        "owner": "nixos",
        "repo": "nixpkgs",
        "rev": "23e89b7da85c3640bbc2173fe04f4bd114342367",
        "type": "github"
      },
      "original": {
        "owner": "nixos",
        "ref": "nixos-unstable",
        "repo": "nixpkgs",
        "type": "github"
      }
    },
    "nur": {
      "locked": {
        "lastModified": 1732470384,
        "narHash": "sha256-h9mGcHzO8FdAfBIYcqeDlEOK6JZKo5C9w81CSeuRdDM=",
        "owner": "nix-community",
        "repo": "NUR",
        "rev": "44c21d2005ffbc206138afa6c327d7fafa5712bf",
        "type": "github"
      },
      "original": {
        "owner": "nix-community",
        "repo": "NUR",
        "type": "github"
      }
    },
    "plasma-manager": {
      "inputs": {
        "home-manager": [
          "home-manager"
        ],
        "nixpkgs": [
          "nixpkgs"
        ]
      },
      "locked": {
        "lastModified": 1732465698,
        "narHash": "sha256-xiue+Kj2Jm8PwyZQcHl4CaYmMIgo5oi37hVHqiw2Unk=",
        "owner": "pjones",
        "repo": "plasma-manager",
        "rev": "16d65cd02b5de665d1bcfec1616c02c71a1014a6",
        "type": "github"
      },
      "original": {
        "owner": "pjones",
        "repo": "plasma-manager",
        "type": "github"
      }
    },
    "root": {
      "inputs": {
        "home-manager": "home-manager",
        "nix-flatpak": "nix-flatpak",
        "nixpkgs": "nixpkgs",
        "nur": "nur",
        "plasma-manager": "plasma-manager",
        "sddm-sugar-candy-nix": "sddm-sugar-candy-nix"
      }
    },
    "sddm-sugar-candy-nix": {
      "inputs": {
        "nixpkgs": [
          "nixpkgs"
        ]
      },
      "locked": {
        "lastModified": 1722593422,
        "narHash": "sha256-uZTuVWQEnfmcZj9QEEFCh0lMuCJULXQSurLTC/9tRgY=",
        "owner": "Zhaith-Izaliel",
        "repo": "sddm-sugar-candy-nix",
        "rev": "35d6fdb4eed20d682e992ae3c6095427e89c2b74",
        "type": "gitlab"
      },
      "original": {
        "owner": "Zhaith-Izaliel",
        "repo": "sddm-sugar-candy-nix",
        "type": "gitlab"
      }
    }
  },
  "root": "root",
  "version": 7
}
